
Microsoft Visual Studio Solution File, Format Version 12.00
# Visual Studio Version 17
VisualStudioVersion = 17.6.33723.286
MinimumVisualStudioVersion = 10.0.40219.1
Project("{9A19103F-16F7-4668-BE54-9A1E7A4F7556}") = "To-Do-List-API", "To-Do-List-API\To-Do-List-API.csproj", "{71C79495-23CE-4119-BE0D-E8DCCF6B16EC}"
EndProject
Project("{FAE04EC0-301F-11D3-BF4B-00C04F79EFBC}") = "To-Do-List-API_Tests", "To-Do-List-API_Tests\To-Do-List-API_Tests.csproj", "{3CF4FB19-D257-4C3C-A930-8F65F971930D}"
EndProject
Global
	GlobalSection(SolutionConfigurationPlatforms) = preSolution
		Debug|Any CPU = Debug|Any CPU
		Release|Any CPU = Release|Any CPU
	EndGlobalSection
	GlobalSection(ProjectConfigurationPlatforms) = postSolution
		{71C79495-23CE-4119-BE0D-E8DCCF6B16EC}.Debug|Any CPU.ActiveCfg = Debug|Any CPU
		{71C79495-23CE-4119-BE0D-E8DCCF6B16EC}.Debug|Any CPU.Build.0 = Debug|Any CPU
		{71C79495-23CE-4119-BE0D-E8DCCF6B16EC}.Release|Any CPU.ActiveCfg = Release|Any CPU
		{71C79495-23CE-4119-BE0D-E8DCCF6B16EC}.Release|Any CPU.Build.0 = Release|Any CPU
		{3CF4FB19-D257-4C3C-A930-8F65F971930D}.Debug|Any CPU.ActiveCfg = Debug|Any CPU
		{3CF4FB19-D257-4C3C-A930-8F65F971930D}.Debug|Any CPU.Build.0 = Debug|Any CPU
		{3CF4FB19-D257-4C3C-A930-8F65F971930D}.Release|Any CPU.ActiveCfg = Release|Any CPU
		{3CF4FB19-D257-4C3C-A930-8F65F971930D}.Release|Any CPU.Build.0 = Release|Any CPU
	EndGlobalSection
	GlobalSection(SolutionProperties) = preSolution
		HideSolutionNode = FALSE
	EndGlobalSection
	GlobalSection(ExtensibilityGlobals) = postSolution
		SolutionGuid = {11310827-0331-4330-81F9-EF2AE7A444A9}
	EndGlobalSection
EndGlobal
